// !$*UTF8*$!
{
	archiveVersion = 1;
	classes = {
	};
	objectVersion = 52;
	objects = {

/* Begin PBXBuildFile section */
		C3AC56AE2CF81F9A26F3CE56 /* Pods_MVVMPractice.framework in Frameworks */ = {isa = PBXBuildFile; fileRef = A27D3C7FEACFA4D2F4D7142B /* Pods_MVVMPractice.framework */; };
		CE4090EA2509C92400F9B923 /* UserViewModel.swift in Sources */ = {isa = PBXBuildFile; fileRef = CE4090E92509C92400F9B923 /* UserViewModel.swift */; };
		CEB711F92509569900AB8D7A /* AppDelegate.swift in Sources */ = {isa = PBXBuildFile; fileRef = CEB711F82509569900AB8D7A /* AppDelegate.swift */; };
		CEB711FB2509569900AB8D7A /* SceneDelegate.swift in Sources */ = {isa = PBXBuildFile; fileRef = CEB711FA2509569900AB8D7A /* SceneDelegate.swift */; };
		CEB711FD2509569900AB8D7A /* ViewController.swift in Sources */ = {isa = PBXBuildFile; fileRef = CEB711FC2509569900AB8D7A /* ViewController.swift */; };
		CEB712002509569900AB8D7A /* Main.storyboard in Resources */ = {isa = PBXBuildFile; fileRef = CEB711FE2509569900AB8D7A /* Main.storyboard */; };
		CEB712022509569E00AB8D7A /* Assets.xcassets in Resources */ = {isa = PBXBuildFile; fileRef = CEB712012509569E00AB8D7A /* Assets.xcassets */; };
		CEB712052509569E00AB8D7A /* LaunchScreen.storyboard in Resources */ = {isa = PBXBuildFile; fileRef = CEB712032509569E00AB8D7A /* LaunchScreen.storyboard */; };
		CEB7120D25095E1A00AB8D7A /* UserModel.swift in Sources */ = {isa = PBXBuildFile; fileRef = CEB7120C25095E1A00AB8D7A /* UserModel.swift */; };
		CEBC9DE8250A1EDC002EBE14 /* UserCell.swift in Sources */ = {isa = PBXBuildFile; fileRef = CEBC9DE6250A1EDC002EBE14 /* UserCell.swift */; };
		CEBC9DE9250A1EDC002EBE14 /* UserCell.xib in Resources */ = {isa = PBXBuildFile; fileRef = CEBC9DE7250A1EDC002EBE14 /* UserCell.xib */; };
/* End PBXBuildFile section */

/* Begin PBXFileReference section */
		A27D3C7FEACFA4D2F4D7142B /* Pods_MVVMPractice.framework */ = {isa = PBXFileReference; explicitFileType = wrapper.framework; includeInIndex = 0; path = Pods_MVVMPractice.framework; sourceTree = BUILT_PRODUCTS_DIR; };
		CE4090E92509C92400F9B923 /* UserViewModel.swift */ = {isa = PBXFileReference; lastKnownFileType = sourcecode.swift; path = UserViewModel.swift; sourceTree = "<group>"; };
		CEB711F52509569900AB8D7A /* MVVMPractice.app */ = {isa = PBXFileReference; explicitFileType = wrapper.application; includeInIndex = 0; path = MVVMPractice.app; sourceTree = BUILT_PRODUCTS_DIR; };
		CEB711F82509569900AB8D7A /* AppDelegate.swift */ = {isa = PBXFileReference; lastKnownFileType = sourcecode.swift; path = AppDelegate.swift; sourceTree = "<group>"; };
		CEB711FA2509569900AB8D7A /* SceneDelegate.swift */ = {isa = PBXFileReference; lastKnownFileType = sourcecode.swift; path = SceneDelegate.swift; sourceTree = "<group>"; };
		CEB711FC2509569900AB8D7A /* ViewController.swift */ = {isa = PBXFileReference; lastKnownFileType = sourcecode.swift; path = ViewController.swift; sourceTree = "<group>"; };
		CEB711FF2509569900AB8D7A /* Base */ = {isa = PBXFileReference; lastKnownFileType = file.storyboard; name = Base; path = Base.lproj/Main.storyboard; sourceTree = "<group>"; };
		CEB712012509569E00AB8D7A /* Assets.xcassets */ = {isa = PBXFileReference; lastKnownFileType = folder.assetcatalog; path = Assets.xcassets; sourceTree = "<group>"; };
		CEB712042509569E00AB8D7A /* Base */ = {isa = PBXFileReference; lastKnownFileType = file.storyboard; name = Base; path = Base.lproj/LaunchScreen.storyboard; sourceTree = "<group>"; };
		CEB712062509569E00AB8D7A /* Info.plist */ = {isa = PBXFileReference; lastKnownFileType = text.plist.xml; path = Info.plist; sourceTree = "<group>"; };
		CEB7120C25095E1A00AB8D7A /* UserModel.swift */ = {isa = PBXFileReference; lastKnownFileType = sourcecode.swift; path = UserModel.swift; sourceTree = "<group>"; };
		CEBC9DE6250A1EDC002EBE14 /* UserCell.swift */ = {isa = PBXFileReference; lastKnownFileType = sourcecode.swift; path = UserCell.swift; sourceTree = "<group>"; };
		CEBC9DE7250A1EDC002EBE14 /* UserCell.xib */ = {isa = PBXFileReference; lastKnownFileType = file.xib; path = UserCell.xib; sourceTree = "<group>"; };
		E273F298F782369EE1408915 /* Pods-MVVMPractice.release.xcconfig */ = {isa = PBXFileReference; includeInIndex = 1; lastKnownFileType = text.xcconfig; name = "Pods-MVVMPractice.release.xcconfig"; path = "Target Support Files/Pods-MVVMPractice/Pods-MVVMPractice.release.xcconfig"; sourceTree = "<group>"; };
		E8E5ABCE2B0345CB3C6A52D1 /* Pods-MVVMPractice.debug.xcconfig */ = {isa = PBXFileReference; includeInIndex = 1; lastKnownFileType = text.xcconfig; name = "Pods-MVVMPractice.debug.xcconfig"; path = "Target Support Files/Pods-MVVMPractice/Pods-MVVMPractice.debug.xcconfig"; sourceTree = "<group>"; };
/* End PBXFileReference section */

/* Begin PBXFrameworksBuildPhase section */
		CEB711F22509569900AB8D7A /* Frameworks */ = {
			isa = PBXFrameworksBuildPhase;
			buildActionMask = 2147483647;
			files = (
				C3AC56AE2CF81F9A26F3CE56 /* Pods_MVVMPractice.framework in Frameworks */,
			);
			runOnlyForDeploymentPostprocessing = 0;
		};
/* End PBXFrameworksBuildPhase section */

/* Begin PBXGroup section */
		72E8B7DD7ADD6CD2A7C4F752 /* Frameworks */ = {
			isa = PBXGroup;
			children = (
				A27D3C7FEACFA4D2F4D7142B /* Pods_MVVMPractice.framework */,
			);
			name = Frameworks;
			sourceTree = "<group>";
		};
		8E839D4D073397E5F331A667 /* Pods */ = {
			isa = PBXGroup;
			children = (
				E8E5ABCE2B0345CB3C6A52D1 /* Pods-MVVMPractice.debug.xcconfig */,
				E273F298F782369EE1408915 /* Pods-MVVMPractice.release.xcconfig */,
			);
			path = Pods;
			sourceTree = "<group>";
		};
		CE4090E82509C90900F9B923 /* ViewModels */ = {
			isa = PBXGroup;
			children = (
				CE4090E92509C92400F9B923 /* UserViewModel.swift */,
			);
			path = ViewModels;
			sourceTree = "<group>";
		};
		CE4090EB2509C92800F9B923 /* Models */ = {
			isa = PBXGroup;
			children = (
				CEB7120C25095E1A00AB8D7A /* UserModel.swift */,
			);
			path = Models;
			sourceTree = "<group>";
		};
		CEB711EC2509569900AB8D7A = {
			isa = PBXGroup;
			children = (
				CEB711F72509569900AB8D7A /* MVVMPractice */,
				CEB711F62509569900AB8D7A /* Products */,
				8E839D4D073397E5F331A667 /* Pods */,
				72E8B7DD7ADD6CD2A7C4F752 /* Frameworks */,
			);
			sourceTree = "<group>";
		};
		CEB711F62509569900AB8D7A /* Products */ = {
			isa = PBXGroup;
			children = (
				CEB711F52509569900AB8D7A /* MVVMPractice.app */,
			);
			name = Products;
			sourceTree = "<group>";
		};
		CEB711F72509569900AB8D7A /* MVVMPractice */ = {
			isa = PBXGroup;
			children = (
				CEB711F82509569900AB8D7A /* AppDelegate.swift */,
				CEB711FA2509569900AB8D7A /* SceneDelegate.swift */,
				CE4090EB2509C92800F9B923 /* Models */,
				CE4090E82509C90900F9B923 /* ViewModels */,
				CEBC9DE5250A1EA7002EBE14 /* Views */,
				CEB711FC2509569900AB8D7A /* ViewController.swift */,
				CEB711FE2509569900AB8D7A /* Main.storyboard */,
				CEB712012509569E00AB8D7A /* Assets.xcassets */,
				CEB712032509569E00AB8D7A /* LaunchScreen.storyboard */,
				CEB712062509569E00AB8D7A /* Info.plist */,
			);
			path = MVVMPractice;
			sourceTree = "<group>";
		};
		CEBC9DE5250A1EA7002EBE14 /* Views */ = {
			isa = PBXGroup;
			children = (
				CEBC9DE6250A1EDC002EBE14 /* UserCell.swift */,
				CEBC9DE7250A1EDC002EBE14 /* UserCell.xib */,
			);
			path = Views;
			sourceTree = "<group>";
		};
/* End PBXGroup section */

/* Begin PBXNativeTarget section */
		CEB711F42509569900AB8D7A /* MVVMPractice */ = {
			isa = PBXNativeTarget;
			buildConfigurationList = CEB712092509569E00AB8D7A /* Build configuration list for PBXNativeTarget "MVVMPractice" */;
			buildPhases = (
				C982114B61E3693EF040F9FF /* [CP] Check Pods Manifest.lock */,
				CEB711F12509569900AB8D7A /* Sources */,
				CEB711F22509569900AB8D7A /* Frameworks */,
				CEB711F32509569900AB8D7A /* Resources */,
				996ED64348FD388622906CCD /* [CP] Embed Pods Frameworks */,
			);
			buildRules = (
			);
			dependencies = (
			);
			name = MVVMPractice;
			packageProductDependencies = (
			);
			productName = MVVMPractice;
			productReference = CEB711F52509569900AB8D7A /* MVVMPractice.app */;
			productType = "com.apple.product-type.application";
		};
/* End PBXNativeTarget section */

/* Begin PBXProject section */
		CEB711ED2509569900AB8D7A /* Project object */ = {
			isa = PBXProject;
			attributes = {
				LastSwiftUpdateCheck = 1100;
				LastUpgradeCheck = 1100;
				ORGANIZATIONNAME = "Ranjeet Raushan";
				TargetAttributes = {
					CEB711F42509569900AB8D7A = {
						CreatedOnToolsVersion = 11.0;
					};
				};
			};
			buildConfigurationList = CEB711F02509569900AB8D7A /* Build configuration list for PBXProject "MVVMPractice" */;
			compatibilityVersion = "Xcode 9.3";
			developmentRegion = en;
			hasScannedForEncodings = 0;
			knownRegions = (
				en,
				Base,
			);
			mainGroup = CEB711EC2509569900AB8D7A;
			packageReferences = (
				CEBC9DEA250A3723002EBE14 /* XCRemoteSwiftPackageReference "Alamofire" */,
			);
			productRefGroup = CEB711F62509569900AB8D7A /* Products */;
			projectDirPath = "";
			projectRoot = "";
			targets = (
				CEB711F42509569900AB8D7A /* MVVMPractice */,
			);
		};
/* End PBXProject section */

/* Begin PBXResourcesBuildPhase section */
		CEB711F32509569900AB8D7A /* Resources */ = {
			isa = PBXResourcesBuildPhase;
			buildActionMask = 2147483647;
			files = (
				CEBC9DE9250A1EDC002EBE14 /* UserCell.xib in Resources */,
				CEB712052509569E00AB8D7A /* LaunchScreen.storyboard in Resources */,
				CEB712022509569E00AB8D7A /* Assets.xcassets in Resources */,
				CEB712002509569900AB8D7A /* Main.storyboard in Resources */,
			);
			runOnlyForDeploymentPostprocessing = 0;
		};
/* End PBXResourcesBuildPhase section */

/* Begin PBXShellScriptBuildPhase section */
		996ED64348FD388622906CCD /* [CP] Embed Pods Frameworks */ = {
			isa = PBXShellScriptBuildPhase;
			buildActionMask = 2147483647;
			files = (
			);
			inputFileListPaths = (
				"${PODS_ROOT}/Target Support Files/Pods-MVVMPractice/Pods-MVVMPractice-frameworks-${CONFIGURATION}-input-files.xcfilelist",
			);
			name = "[CP] Embed Pods Frameworks";
			outputFileListPaths = (
				"${PODS_ROOT}/Target Support Files/Pods-MVVMPractice/Pods-MVVMPractice-frameworks-${CONFIGURATION}-output-files.xcfilelist",
			);
			runOnlyForDeploymentPostprocessing = 0;
			shellPath = /bin/sh;
			shellScript = "\"${PODS_ROOT}/Target Support Files/Pods-MVVMPractice/Pods-MVVMPractice-frameworks.sh\"\n";
			showEnvVarsInLog = 0;
		};
		C982114B61E3693EF040F9FF /* [CP] Check Pods Manifest.lock */ = {
			isa = PBXShellScriptBuildPhase;
			buildActionMask = 2147483647;
			files = (
			);
			inputFileListPaths = (
			);
			inputPaths = (
				"${PODS_PODFILE_DIR_PATH}/Podfile.lock",
				"${PODS_ROOT}/Manifest.lock",
			);
			name = "[CP] Check Pods Manifest.lock";
			outputFileListPaths = (
			);
			outputPaths = (
				"$(DERIVED_FILE_DIR)/Pods-MVVMPractice-checkManifestLockResult.txt",
			);
			runOnlyForDeploymentPostprocessing = 0;
			shellPath = /bin/sh;
			shellScript = "diff \"${PODS_PODFILE_DIR_PATH}/Podfile.lock\" \"${PODS_ROOT}/Manifest.lock\" > /dev/null\nif [ $? != 0 ] ; then\n    # print error to STDERR\n    echo \"error: The sandbox is not in sync with the Podfile.lock. Run 'pod install' or update your CocoaPods installation.\" >&2\n    exit 1\nfi\n# This output is used by Xcode 'outputs' to avoid re-running this script phase.\necho \"SUCCESS\" > \"${SCRIPT_OUTPUT_FILE_0}\"\n";
			showEnvVarsInLog = 0;
		};
/* End PBXShellScriptBuildPhase section */

/* Begin PBXSourcesBuildPhase section */
		CEB711F12509569900AB8D7A /* Sources */ = {
			isa = PBXSourcesBuildPhase;
			buildActionMask = 2147483647;
			files = (
				CEB711FD2509569900AB8D7A /* ViewController.swift in Sources */,
				CEB711F92509569900AB8D7A /* AppDelegate.swift in Sources */,
				CEBC9DE8250A1EDC002EBE14 /* UserCell.swift in Sources */,
				CEB711FB2509569900AB8D7A /* SceneDelegate.swift in Sources */,
				CE4090EA2509C92400F9B923 /* UserViewModel.swift in Sources */,
				CEB7120D25095E1A00AB8D7A /* UserModel.swift in Sources */,
			);
			runOnlyForDeploymentPostprocessing = 0;
		};
/* End PBXSourcesBuildPhase section */

/* Begin PBXVariantGroup section */
		CEB711FE2509569900AB8D7A /* Main.storyboard */ = {
			isa = PBXVariantGroup;
			children = (
				CEB711FF2509569900AB8D7A /* Base */,
			);
			name = Main.storyboard;
			sourceTree = "<group>";
		};
		CEB712032509569E00AB8D7A /* LaunchScreen.storyboard */ = {
			isa = PBXVariantGroup;
			children = (
				CEB712042509569E00AB8D7A /* Base */,
			);
			name = LaunchScreen.storyboard;
			sourceTree = "<group>";
		};
/* End PBXVariantGroup section */

/* Begin XCBuildConfiguration section */
		CEB712072509569E00AB8D7A /* Debug */ = {
			isa = XCBuildConfiguration;
			buildSettings = {
				ALWAYS_SEARCH_USER_PATHS = NO;
				CLANG_ANALYZER_NONNULL = YES;
				CLANG_ANALYZER_NUMBER_OBJECT_CONVERSION = YES_AGGRESSIVE;
				CLANG_CXX_LANGUAGE_STANDARD = "gnu++14";
				CLANG_CXX_LIBRARY = "libc++";
				CLANG_ENABLE_MODULES = YES;
				CLANG_ENABLE_OBJC_ARC = YES;
				CLANG_ENABLE_OBJC_WEAK = YES;
				CLANG_WARN_BLOCK_CAPTURE_AUTORELEASING = YES;
				CLANG_WARN_BOOL_CONVERSION = YES;
				CLANG_WARN_COMMA = YES;
				CLANG_WARN_CONSTANT_CONVERSION = YES;
				CLANG_WARN_DEPRECATED_OBJC_IMPLEMENTATIONS = YES;
				CLANG_WARN_DIRECT_OBJC_ISA_USAGE = YES_ERROR;
				CLANG_WARN_DOCUMENTATION_COMMENTS = YES;
				CLANG_WARN_EMPTY_BODY = YES;
				CLANG_WARN_ENUM_CONVERSION = YES;
				CLANG_WARN_INFINITE_RECURSION = YES;
				CLANG_WARN_INT_CONVERSION = YES;
				CLANG_WARN_NON_LITERAL_NULL_CONVERSION = YES;
				CLANG_WARN_OBJC_IMPLICIT_RETAIN_SELF = YES;
				CLANG_WARN_OBJC_LITERAL_CONVERSION = YES;
				CLANG_WARN_OBJC_ROOT_CLASS = YES_ERROR;
				CLANG_WARN_RANGE_LOOP_ANALYSIS = YES;
				CLANG_WARN_STRICT_PROTOTYPES = YES;
				CLANG_WARN_SUSPICIOUS_MOVE = YES;
				CLANG_WARN_UNGUARDED_AVAILABILITY = YES_AGGRESSIVE;
				CLANG_WARN_UNREACHABLE_CODE = YES;
				CLANG_WARN__DUPLICATE_METHOD_MATCH = YES;
				COPY_PHASE_STRIP = NO;
				DEBUG_INFORMATION_FORMAT = dwarf;
				ENABLE_STRICT_OBJC_MSGSEND = YES;
				ENABLE_TESTABILITY = YES;
				GCC_C_LANGUAGE_STANDARD = gnu11;
				GCC_DYNAMIC_NO_PIC = NO;
				GCC_NO_COMMON_BLOCKS = YES;
				GCC_OPTIMIZATION_LEVEL = 0;
				GCC_PREPROCESSOR_DEFINITIONS = (
					"DEBUG=1",
					"$(inherited)",
				);
				GCC_WARN_64_TO_32_BIT_CONVERSION = YES;
				GCC_WARN_ABOUT_RETURN_TYPE = YES_ERROR;
				GCC_WARN_UNDECLARED_SELECTOR = YES;
				GCC_WARN_UNINITIALIZED_AUTOS = YES_AGGRESSIVE;
				GCC_WARN_UNUSED_FUNCTION = YES;
				GCC_WARN_UNUSED_VARIABLE = YES;
				IPHONEOS_DEPLOYMENT_TARGET = 13.0;
				MTL_ENABLE_DEBUG_INFO = INCLUDE_SOURCE;
				MTL_FAST_MATH = YES;
				ONLY_ACTIVE_ARCH = YES;
				SDKROOT = iphoneos;
				SWIFT_ACTIVE_COMPILATION_CONDITIONS = DEBUG;
				SWIFT_OPTIMIZATION_LEVEL = "-Onone";
			};
			name = Debug;
		};
		CEB712082509569E00AB8D7A /* Release */ = {
			isa = XCBuildConfiguration;
			buildSettings = {
				ALWAYS_SEARCH_USER_PATHS = NO;
				CLANG_ANALYZER_NONNULL = YES;
				CLANG_ANALYZER_NUMBER_OBJECT_CONVERSION = YES_AGGRESSIVE;
				CLANG_CXX_LANGUAGE_STANDARD = "gnu++14";
				CLANG_CXX_LIBRARY = "libc++";
				CLANG_ENABLE_MODULES = YES;
				CLANG_ENABLE_OBJC_ARC = YES;
				CLANG_ENABLE_OBJC_WEAK = YES;
				CLANG_WARN_BLOCK_CAPTURE_AUTORELEASING = YES;
				CLANG_WARN_BOOL_CONVERSION = YES;
				CLANG_WARN_COMMA = YES;
				CLANG_WARN_CONSTANT_CONVERSION = YES;
				CLANG_WARN_DEPRECATED_OBJC_IMPLEMENTATIONS = YES;
				CLANG_WARN_DIRECT_OBJC_ISA_USAGE = YES_ERROR;
				CLANG_WARN_DOCUMENTATION_COMMENTS = YES;
				CLANG_WARN_EMPTY_BODY = YES;
				CLANG_WARN_ENUM_CONVERSION = YES;
				CLANG_WARN_INFINITE_RECURSION = YES;
				CLANG_WARN_INT_CONVERSION = YES;
				CLANG_WARN_NON_LITERAL_NULL_CONVERSION = YES;
				CLANG_WARN_OBJC_IMPLICIT_RETAIN_SELF = YES;
				CLANG_WARN_OBJC_LITERAL_CONVERSION = YES;
				CLANG_WARN_OBJC_ROOT_CLASS = YES_ERROR;
				CLANG_WARN_RANGE_LOOP_ANALYSIS = YES;
				CLANG_WARN_STRICT_PROTOTYPES = YES;
				CLANG_WARN_SUSPICIOUS_MOVE = YES;
				CLANG_WARN_UNGUARDED_AVAILABILITY = YES_AGGRESSIVE;
				CLANG_WARN_UNREACHABLE_CODE = YES;
				CLANG_WARN__DUPLICATE_METHOD_MATCH = YES;
				COPY_PHASE_STRIP = NO;
				DEBUG_INFORMATION_FORMAT = "dwarf-with-dsym";
				ENABLE_NS_ASSERTIONS = NO;
				ENABLE_STRICT_OBJC_MSGSEND = YES;
				GCC_C_LANGUAGE_STANDARD = gnu11;
				GCC_NO_COMMON_BLOCKS = YES;
				GCC_WARN_64_TO_32_BIT_CONVERSION = YES;
				GCC_WARN_ABOUT_RETURN_TYPE = YES_ERROR;
				GCC_WARN_UNDECLARED_SELECTOR = YES;
				GCC_WARN_UNINITIALIZED_AUTOS = YES_AGGRESSIVE;
				GCC_WARN_UNUSED_FUNCTION = YES;
				GCC_WARN_UNUSED_VARIABLE = YES;
				IPHONEOS_DEPLOYMENT_TARGET = 13.0;
				MTL_ENABLE_DEBUG_INFO = NO;
				MTL_FAST_MATH = YES;
				SDKROOT = iphoneos;
				SWIFT_COMPILATION_MODE = wholemodule;
				SWIFT_OPTIMIZATION_LEVEL = "-O";
				VALIDATE_PRODUCT = YES;
			};
			name = Release;
		};
		CEB7120A2509569E00AB8D7A /* Debug */ = {
			isa = XCBuildConfiguration;
			baseConfigurationReference = E8E5ABCE2B0345CB3C6A52D1 /* Pods-MVVMPractice.debug.xcconfig */;
			buildSettings = {
				ASSETCATALOG_COMPILER_APPICON_NAME = AppIcon;
				CODE_SIGN_STYLE = Automatic;
				DEVELOPMENT_TEAM = ZBBZ6K6ZJT;
				INFOPLIST_FILE = MVVMPractice/Info.plist;
				LD_RUNPATH_SEARCH_PATHS = (
					"$(inherited)",
					"@executable_path/Frameworks",
				);
				PRODUCT_BUNDLE_IDENTIFIER = "Ranjeet-Raushan.MVVMPractice";
				PRODUCT_NAME = "$(TARGET_NAME)";
				SWIFT_VERSION = 5.0;
				TARGETED_DEVICE_FAMILY = "1,2";
			};
			name = Debug;
		};
		CEB7120B2509569E00AB8D7A /* Release */ = {
			isa = XCBuildConfiguration;
			baseConfigurationReference = E273F298F782369EE1408915 /* Pods-MVVMPractice.release.xcconfig */;
			buildSettings = {
				ASSETCATALOG_COMPILER_APPICON_NAME = AppIcon;
				CODE_SIGN_STYLE = Automatic;
				DEVELOPMENT_TEAM = ZBBZ6K6ZJT;
				INFOPLIST_FILE = MVVMPractice/Info.plist;
				LD_RUNPATH_SEARCH_PATHS = (
					"$(inherited)",
					"@executable_path/Frameworks",
				);
				PRODUCT_BUNDLE_IDENTIFIER = "Ranjeet-Raushan.MVVMPractice";
				PRODUCT_NAME = "$(TARGET_NAME)";
				SWIFT_VERSION = 5.0;
				TARGETED_DEVICE_FAMILY = "1,2";
			};
			name = Release;
		};
/* End XCBuildConfiguration section */

/* Begin XCConfigurationList section */
		CEB711F02509569900AB8D7A /* Build configuration list for PBXProject "MVVMPractice" */ = {
			isa = XCConfigurationList;
			buildConfigurations = (
				CEB712072509569E00AB8D7A /* Debug */,
				CEB712082509569E00AB8D7A /* Release */,
			);
			defaultConfigurationIsVisible = 0;
			defaultConfigurationName = Release;
		};
		CEB712092509569E00AB8D7A /* Build configuration list for PBXNativeTarget "MVVMPractice" */ = {
			isa = XCConfigurationList;
			buildConfigurations = (
				CEB7120A2509569E00AB8D7A /* Debug */,
				CEB7120B2509569E00AB8D7A /* Release */,
			);
			defaultConfigurationIsVisible = 0;
			defaultConfigurationName = Release;
		};
/* End XCConfigurationList section */

/* Begin XCRemoteSwiftPackageReference section */
		CEBC9DEA250A3723002EBE14 /* XCRemoteSwiftPackageReference "Alamofire" */ = {
			isa = XCRemoteSwiftPackageReference;
			repositoryURL = "https://github.com/Alamofire/Alamofire.git";
			requirement = {
				kind = upToNextMajorVersion;
				minimumVersion = 5.2.2;
			};
		};
/* End XCRemoteSwiftPackageReference section */
	};
	rootObject = CEB711ED2509569900AB8D7A /* Project object */;
}
